// !$*UTF8*$!
{
	archiveVersion = 1;
	classes = {
	};
	objectVersion = 55;
	objects = {

/* Begin PBXBuildFile section */
		BD0ED7E32723AFBC00002309 /* RectangleCard.swift in Sources */ = {isa = PBXBuildFile; fileRef = BD0ED7E22723AFBC00002309 /* RectangleCard.swift */; };
		BD0EF07A270FB69E00555913 /* LearningApp.swift in Sources */ = {isa = PBXBuildFile; fileRef = BD0EF079270FB69E00555913 /* LearningApp.swift */; };
		BD0EF07C270FB69E00555913 /* HomeView.swift in Sources */ = {isa = PBXBuildFile; fileRef = BD0EF07B270FB69E00555913 /* HomeView.swift */; };
		BD0EF07E270FB6A000555913 /* Assets.xcassets in Resources */ = {isa = PBXBuildFile; fileRef = BD0EF07D270FB6A000555913 /* Assets.xcassets */; };
		BD0EF081270FB6A000555913 /* Preview Assets.xcassets in Resources */ = {isa = PBXBuildFile; fileRef = BD0EF080270FB6A000555913 /* Preview Assets.xcassets */; };
		BD0EF08E270FB91A00555913 /* ContentModel.swift in Sources */ = {isa = PBXBuildFile; fileRef = BD0EF08D270FB91A00555913 /* ContentModel.swift */; };
		BD0EF091270FE63400555913 /* data.json in Resources */ = {isa = PBXBuildFile; fileRef = BD0EF08F270FE63400555913 /* data.json */; };
		BD0EF092270FE63400555913 /* style.html in Resources */ = {isa = PBXBuildFile; fileRef = BD0EF090270FE63400555913 /* style.html */; };
		BD0EF094270FE83D00555913 /* Models.swift in Sources */ = {isa = PBXBuildFile; fileRef = BD0EF093270FE83D00555913 /* Models.swift */; };
		BD15333F271DBC1500C931B3 /* CodeTextView.swift in Sources */ = {isa = PBXBuildFile; fileRef = BD15333E271DBC1500C931B3 /* CodeTextView.swift */; };
		BD1C54F427164CD700762089 /* HomeViewRow.swift in Sources */ = {isa = PBXBuildFile; fileRef = BD1C54F327164CD700762089 /* HomeViewRow.swift */; };
		BD71E7E8271719DE000E7146 /* ContentsView.swift in Sources */ = {isa = PBXBuildFile; fileRef = BD71E7E7271719DE000E7146 /* ContentsView.swift */; };
		BD71E7EA2719C47A000E7146 /* ContentViewRow.swift in Sources */ = {isa = PBXBuildFile; fileRef = BD71E7E92719C47A000E7146 /* ContentViewRow.swift */; };
		BD71E7EC2719C61C000E7146 /* ContentDetailView.swift in Sources */ = {isa = PBXBuildFile; fileRef = BD71E7EB2719C61C000E7146 /* ContentDetailView.swift */; };
		BD71E7EF271BC548000E7146 /* AVKit.framework in Frameworks */ = {isa = PBXBuildFile; fileRef = BD71E7EE271BC548000E7146 /* AVKit.framework */; };
		BD71E7F1271BC69C000E7146 /* constent.swift in Sources */ = {isa = PBXBuildFile; fileRef = BD71E7F0271BC69C000E7146 /* constent.swift */; };
/* End PBXBuildFile section */

/* Begin PBXFileReference section */
		BD0ED7E22723AFBC00002309 /* RectangleCard.swift */ = {isa = PBXFileReference; lastKnownFileType = sourcecode.swift; path = RectangleCard.swift; sourceTree = "<group>"; };
		BD0EF076270FB69E00555913 /* Learning.app */ = {isa = PBXFileReference; explicitFileType = wrapper.application; includeInIndex = 0; path = Learning.app; sourceTree = BUILT_PRODUCTS_DIR; };
		BD0EF079270FB69E00555913 /* LearningApp.swift */ = {isa = PBXFileReference; lastKnownFileType = sourcecode.swift; path = LearningApp.swift; sourceTree = "<group>"; };
		BD0EF07B270FB69E00555913 /* HomeView.swift */ = {isa = PBXFileReference; lastKnownFileType = sourcecode.swift; path = HomeView.swift; sourceTree = "<group>"; };
		BD0EF07D270FB6A000555913 /* Assets.xcassets */ = {isa = PBXFileReference; lastKnownFileType = folder.assetcatalog; path = Assets.xcassets; sourceTree = "<group>"; };
		BD0EF080270FB6A000555913 /* Preview Assets.xcassets */ = {isa = PBXFileReference; lastKnownFileType = folder.assetcatalog; path = "Preview Assets.xcassets"; sourceTree = "<group>"; };
		BD0EF08D270FB91A00555913 /* ContentModel.swift */ = {isa = PBXFileReference; lastKnownFileType = sourcecode.swift; path = ContentModel.swift; sourceTree = "<group>"; };
		BD0EF08F270FE63400555913 /* data.json */ = {isa = PBXFileReference; fileEncoding = 4; lastKnownFileType = text.json; path = data.json; sourceTree = "<group>"; };
		BD0EF090270FE63400555913 /* style.html */ = {isa = PBXFileReference; fileEncoding = 4; lastKnownFileType = text.html; path = style.html; sourceTree = "<group>"; };
		BD0EF093270FE83D00555913 /* Models.swift */ = {isa = PBXFileReference; lastKnownFileType = sourcecode.swift; path = Models.swift; sourceTree = "<group>"; };
		BD15333E271DBC1500C931B3 /* CodeTextView.swift */ = {isa = PBXFileReference; lastKnownFileType = sourcecode.swift; path = CodeTextView.swift; sourceTree = "<group>"; };
		BD1C54F327164CD700762089 /* HomeViewRow.swift */ = {isa = PBXFileReference; lastKnownFileType = sourcecode.swift; path = HomeViewRow.swift; sourceTree = "<group>"; };
		BD71E7E7271719DE000E7146 /* ContentsView.swift */ = {isa = PBXFileReference; lastKnownFileType = sourcecode.swift; path = ContentsView.swift; sourceTree = "<group>"; };
		BD71E7E92719C47A000E7146 /* ContentViewRow.swift */ = {isa = PBXFileReference; lastKnownFileType = sourcecode.swift; path = ContentViewRow.swift; sourceTree = "<group>"; };
		BD71E7EB2719C61C000E7146 /* ContentDetailView.swift */ = {isa = PBXFileReference; lastKnownFileType = sourcecode.swift; path = ContentDetailView.swift; sourceTree = "<group>"; };
		BD71E7EE271BC548000E7146 /* AVKit.framework */ = {isa = PBXFileReference; lastKnownFileType = wrapper.framework; name = AVKit.framework; path = System/Library/Frameworks/AVKit.framework; sourceTree = SDKROOT; };
		BD71E7F0271BC69C000E7146 /* constent.swift */ = {isa = PBXFileReference; lastKnownFileType = sourcecode.swift; path = constent.swift; sourceTree = "<group>"; };
/* End PBXFileReference section */

/* Begin PBXFrameworksBuildPhase section */
		BD0EF073270FB69E00555913 /* Frameworks */ = {
			isa = PBXFrameworksBuildPhase;
			buildActionMask = 2147483647;
			files = (
				BD71E7EF271BC548000E7146 /* AVKit.framework in Frameworks */,
			);
			runOnlyForDeploymentPostprocessing = 0;
		};
/* End PBXFrameworksBuildPhase section */

/* Begin PBXGroup section */
		BD0EF06D270FB69E00555913 = {
			isa = PBXGroup;
			children = (
				BD0EF078270FB69E00555913 /* Learning */,
				BD0EF077270FB69E00555913 /* Products */,
				BD71E7ED271BC548000E7146 /* Frameworks */,
			);
			sourceTree = "<group>";
		};
		BD0EF077270FB69E00555913 /* Products */ = {
			isa = PBXGroup;
			children = (
				BD0EF076270FB69E00555913 /* Learning.app */,
			);
			name = Products;
			sourceTree = "<group>";
		};
		BD0EF078270FB69E00555913 /* Learning */ = {
			isa = PBXGroup;
			children = (
				BD0EF079270FB69E00555913 /* LearningApp.swift */,
				BD0EF087270FB7AC00555913 /* Views */,
				BD0EF088270FB7B500555913 /* ViewModels */,
				BD0EF089270FB7C400555913 /* Models */,
				BD0EF08A270FB7DA00555913 /* Resources */,
				BD0EF08C270FB7F300555913 /* Helpers */,
				BD0EF07D270FB6A000555913 /* Assets.xcassets */,
				BD0EF07F270FB6A000555913 /* Preview Content */,
			);
			path = Learning;
			sourceTree = "<group>";
		};
		BD0EF07F270FB6A000555913 /* Preview Content */ = {
			isa = PBXGroup;
			children = (
				BD0EF080270FB6A000555913 /* Preview Assets.xcassets */,
			);
			path = "Preview Content";
			sourceTree = "<group>";
		};
		BD0EF087270FB7AC00555913 /* Views */ = {
			isa = PBXGroup;
			children = (
				BD0EF07B270FB69E00555913 /* HomeView.swift */,
				BD1C54F327164CD700762089 /* HomeViewRow.swift */,
				BD71E7E7271719DE000E7146 /* ContentsView.swift */,
				BD71E7E92719C47A000E7146 /* ContentViewRow.swift */,
				BD71E7EB2719C61C000E7146 /* ContentDetailView.swift */,
				BD15333E271DBC1500C931B3 /* CodeTextView.swift */,
				BD0ED7E22723AFBC00002309 /* RectangleCard.swift */,
			);
			path = Views;
			sourceTree = "<group>";
		};
		BD0EF088270FB7B500555913 /* ViewModels */ = {
			isa = PBXGroup;
			children = (
				BD0EF08D270FB91A00555913 /* ContentModel.swift */,
			);
			path = ViewModels;
			sourceTree = "<group>";
		};
		BD0EF089270FB7C400555913 /* Models */ = {
			isa = PBXGroup;
			children = (
				BD0EF093270FE83D00555913 /* Models.swift */,
			);
			path = Models;
			sourceTree = "<group>";
		};
		BD0EF08A270FB7DA00555913 /* Resources */ = {
			isa = PBXGroup;
			children = (
				BD0EF08F270FE63400555913 /* data.json */,
				BD0EF090270FE63400555913 /* style.html */,
				BD71E7F0271BC69C000E7146 /* constent.swift */,
			);
			path = Resources;
			sourceTree = "<group>";
		};
		BD0EF08C270FB7F300555913 /* Helpers */ = {
			isa = PBXGroup;
			children = (
			);
			path = Helpers;
			sourceTree = "<group>";
		};
		BD71E7ED271BC548000E7146 /* Frameworks */ = {
			isa = PBXGroup;
			children = (
				BD71E7EE271BC548000E7146 /* AVKit.framework */,
			);
			name = Frameworks;
			sourceTree = "<group>";
		};
/* End PBXGroup section */

/* Begin PBXNativeTarget section */
		BD0EF075270FB69E00555913 /* Learning */ = {
			isa = PBXNativeTarget;
			buildConfigurationList = BD0EF084270FB6A000555913 /* Build configuration list for PBXNativeTarget "Learning" */;
			buildPhases = (
				BD0EF072270FB69E00555913 /* Sources */,
				BD0EF073270FB69E00555913 /* Frameworks */,
				BD0EF074270FB69E00555913 /* Resources */,
			);
			buildRules = (
			);
			dependencies = (
			);
			name = Learning;
			productName = Learning;
			productReference = BD0EF076270FB69E00555913 /* Learning.app */;
			productType = "com.apple.product-type.application";
		};
/* End PBXNativeTarget section */

/* Begin PBXProject section */
		BD0EF06E270FB69E00555913 /* Project object */ = {
			isa = PBXProject;
			attributes = {
				BuildIndependentTargetsInParallel = 1;
				LastSwiftUpdateCheck = 1300;
				LastUpgradeCheck = 1300;
				TargetAttributes = {
					BD0EF075270FB69E00555913 = {
						CreatedOnToolsVersion = 13.0;
					};
				};
			};
			buildConfigurationList = BD0EF071270FB69E00555913 /* Build configuration list for PBXProject "Learning" */;
			compatibilityVersion = "Xcode 13.0";
			developmentRegion = en;
			hasScannedForEncodings = 0;
			knownRegions = (
				en,
				Base,
			);
			mainGroup = BD0EF06D270FB69E00555913;
			productRefGroup = BD0EF077270FB69E00555913 /* Products */;
			projectDirPath = "";
			projectRoot = "";
			targets = (
				BD0EF075270FB69E00555913 /* Learning */,
			);
		};
/* End PBXProject section */

/* Begin PBXResourcesBuildPhase section */
		BD0EF074270FB69E00555913 /* Resources */ = {
			isa = PBXResourcesBuildPhase;
			buildActionMask = 2147483647;
			files = (
				BD0EF081270FB6A000555913 /* Preview Assets.xcassets in Resources */,
				BD0EF091270FE63400555913 /* data.json in Resources */,
				BD0EF092270FE63400555913 /* style.html in Resources */,
				BD0EF07E270FB6A000555913 /* Assets.xcassets in Resources */,
			);
			runOnlyForDeploymentPostprocessing = 0;
		};
/* End PBXResourcesBuildPhase section */

/* Begin PBXSourcesBuildPhase section */
		BD0EF072270FB69E00555913 /* Sources */ = {
			isa = PBXSourcesBuildPhase;
			buildActionMask = 2147483647;
			files = (
				BD71E7E8271719DE000E7146 /* ContentsView.swift in Sources */,
				BD0EF07C270FB69E00555913 /* HomeView.swift in Sources */,
				BD1C54F427164CD700762089 /* HomeViewRow.swift in Sources */,
				BD71E7EC2719C61C000E7146 /* ContentDetailView.swift in Sources */,
				BD0EF07A270FB69E00555913 /* LearningApp.swift in Sources */,
				BD71E7F1271BC69C000E7146 /* constent.swift in Sources */,
				BD15333F271DBC1500C931B3 /* CodeTextView.swift in Sources */,
				BD71E7EA2719C47A000E7146 /* ContentViewRow.swift in Sources */,
				BD0EF08E270FB91A00555913 /* ContentModel.swift in Sources */,
				BD0ED7E32723AFBC00002309 /* RectangleCard.swift in Sources */,
				BD0EF094270FE83D00555913 /* Models.swift in Sources */,
			);
			runOnlyForDeploymentPostprocessing = 0;
		};
/* End PBXSourcesBuildPhase section */

/* Begin XCBuildConfiguration section */
		BD0EF082270FB6A000555913 /* Debug */ = {
			isa = XCBuildConfiguration;
			buildSettings = {
				ALWAYS_SEARCH_USER_PATHS = NO;
				CLANG_ANALYZER_NONNULL = YES;
				CLANG_ANALYZER_NUMBER_OBJECT_CONVERSION = YES_AGGRESSIVE;
				CLANG_CXX_LANGUAGE_STANDARD = "gnu++17";
				CLANG_CXX_LIBRARY = "libc++";
				CLANG_ENABLE_MODULES = YES;
				CLANG_ENABLE_OBJC_ARC = YES;
				CLANG_ENABLE_OBJC_WEAK = YES;
				CLANG_WARN_BLOCK_CAPTURE_AUTORELEASING = YES;
				CLANG_WARN_BOOL_CONVERSION = YES;
				CLANG_WARN_COMMA = YES;
				CLANG_WARN_CONSTANT_CONVERSION = YES;
				CLANG_WARN_DEPRECATED_OBJC_IMPLEMENTATIONS = YES;
				CLANG_WARN_DIRECT_OBJC_ISA_USAGE = YES_ERROR;
				CLANG_WARN_DOCUMENTATION_COMMENTS = YES;
				CLANG_WARN_EMPTY_BODY = YES;
				CLANG_WARN_ENUM_CONVERSION = YES;
				CLANG_WARN_INFINITE_RECURSION = YES;
				CLANG_WARN_INT_CONVERSION = YES;
				CLANG_WARN_NON_LITERAL_NULL_CONVERSION = YES;
				CLANG_WARN_OBJC_IMPLICIT_RETAIN_SELF = YES;
				CLANG_WARN_OBJC_LITERAL_CONVERSION = YES;
				CLANG_WARN_OBJC_ROOT_CLASS = YES_ERROR;
				CLANG_WARN_QUOTED_INCLUDE_IN_FRAMEWORK_HEADER = YES;
				CLANG_WARN_RANGE_LOOP_ANALYSIS = YES;
				CLANG_WARN_STRICT_PROTOTYPES = YES;
				CLANG_WARN_SUSPICIOUS_MOVE = YES;
				CLANG_WARN_UNGUARDED_AVAILABILITY = YES_AGGRESSIVE;
				CLANG_WARN_UNREACHABLE_CODE = YES;
				CLANG_WARN__DUPLICATE_METHOD_MATCH = YES;
				COPY_PHASE_STRIP = NO;
				DEBUG_INFORMATION_FORMAT = dwarf;
				ENABLE_STRICT_OBJC_MSGSEND = YES;
				ENABLE_TESTABILITY = YES;
				GCC_C_LANGUAGE_STANDARD = gnu11;
				GCC_DYNAMIC_NO_PIC = NO;
				GCC_NO_COMMON_BLOCKS = YES;
				GCC_OPTIMIZATION_LEVEL = 0;
				GCC_PREPROCESSOR_DEFINITIONS = (
					"DEBUG=1",
					"$(inherited)",
				);
				GCC_WARN_64_TO_32_BIT_CONVERSION = YES;
				GCC_WARN_ABOUT_RETURN_TYPE = YES_ERROR;
				GCC_WARN_UNDECLARED_SELECTOR = YES;
				GCC_WARN_UNINITIALIZED_AUTOS = YES_AGGRESSIVE;
				GCC_WARN_UNUSED_FUNCTION = YES;
				GCC_WARN_UNUSED_VARIABLE = YES;
				IPHONEOS_DEPLOYMENT_TARGET = 15.0;
				MTL_ENABLE_DEBUG_INFO = INCLUDE_SOURCE;
				MTL_FAST_MATH = YES;
				ONLY_ACTIVE_ARCH = YES;
				SDKROOT = iphoneos;
				SWIFT_ACTIVE_COMPILATION_CONDITIONS = DEBUG;
				SWIFT_OPTIMIZATION_LEVEL = "-Onone";
			};
			name = Debug;
		};
		BD0EF083270FB6A000555913 /* Release */ = {
			isa = XCBuildConfiguration;
			buildSettings = {
				ALWAYS_SEARCH_USER_PATHS = NO;
				CLANG_ANALYZER_NONNULL = YES;
				CLANG_ANALYZER_NUMBER_OBJECT_CONVERSION = YES_AGGRESSIVE;
				CLANG_CXX_LANGUAGE_STANDARD = "gnu++17";
				CLANG_CXX_LIBRARY = "libc++";
				CLANG_ENABLE_MODULES = YES;
				CLANG_ENABLE_OBJC_ARC = YES;
				CLANG_ENABLE_OBJC_WEAK = YES;
				CLANG_WARN_BLOCK_CAPTURE_AUTORELEASING = YES;
				CLANG_WARN_BOOL_CONVERSION = YES;
				CLANG_WARN_COMMA = YES;
				CLANG_WARN_CONSTANT_CONVERSION = YES;
				CLANG_WARN_DEPRECATED_OBJC_IMPLEMENTATIONS = YES;
				CLANG_WARN_DIRECT_OBJC_ISA_USAGE = YES_ERROR;
				CLANG_WARN_DOCUMENTATION_COMMENTS = YES;
				CLANG_WARN_EMPTY_BODY = YES;
				CLANG_WARN_ENUM_CONVERSION = YES;
				CLANG_WARN_INFINITE_RECURSION = YES;
				CLANG_WARN_INT_CONVERSION = YES;
				CLANG_WARN_NON_LITERAL_NULL_CONVERSION = YES;
				CLANG_WARN_OBJC_IMPLICIT_RETAIN_SELF = YES;
				CLANG_WARN_OBJC_LITERAL_CONVERSION = YES;
				CLANG_WARN_OBJC_ROOT_CLASS = YES_ERROR;
				CLANG_WARN_QUOTED_INCLUDE_IN_FRAMEWORK_HEADER = YES;
				CLANG_WARN_RANGE_LOOP_ANALYSIS = YES;
				CLANG_WARN_STRICT_PROTOTYPES = YES;
				CLANG_WARN_SUSPICIOUS_MOVE = YES;
				CLANG_WARN_UNGUARDED_AVAILABILITY = YES_AGGRESSIVE;
				CLANG_WARN_UNREACHABLE_CODE = YES;
				CLANG_WARN__DUPLICATE_METHOD_MATCH = YES;
				COPY_PHASE_STRIP = NO;
				DEBUG_INFORMATION_FORMAT = "dwarf-with-dsym";
				ENABLE_NS_ASSERTIONS = NO;
				ENABLE_STRICT_OBJC_MSGSEND = YES;
				GCC_C_LANGUAGE_STANDARD = gnu11;
				GCC_NO_COMMON_BLOCKS = YES;
				GCC_WARN_64_TO_32_BIT_CONVERSION = YES;
				GCC_WARN_ABOUT_RETURN_TYPE = YES_ERROR;
				GCC_WARN_UNDECLARED_SELECTOR = YES;
				GCC_WARN_UNINITIALIZED_AUTOS = YES_AGGRESSIVE;
				GCC_WARN_UNUSED_FUNCTION = YES;
				GCC_WARN_UNUSED_VARIABLE = YES;
				IPHONEOS_DEPLOYMENT_TARGET = 15.0;
				MTL_ENABLE_DEBUG_INFO = NO;
				MTL_FAST_MATH = YES;
				SDKROOT = iphoneos;
				SWIFT_COMPILATION_MODE = wholemodule;
				SWIFT_OPTIMIZATION_LEVEL = "-O";
				VALIDATE_PRODUCT = YES;
			};
			name = Release;
		};
		BD0EF085270FB6A000555913 /* Debug */ = {
			isa = XCBuildConfiguration;
			buildSettings = {
				ASSETCATALOG_COMPILER_APPICON_NAME = AppIcon;
				ASSETCATALOG_COMPILER_GLOBAL_ACCENT_COLOR_NAME = AccentColor;
				CODE_SIGN_STYLE = Automatic;
				CURRENT_PROJECT_VERSION = 1;
				DEVELOPMENT_ASSET_PATHS = "\"Learning/Preview Content\"";
				DEVELOPMENT_TEAM = 769JKZ574A;
				ENABLE_PREVIEWS = YES;
				GENERATE_INFOPLIST_FILE = YES;
				INFOPLIST_KEY_UIApplicationSceneManifest_Generation = YES;
				INFOPLIST_KEY_UIApplicationSupportsIndirectInputEvents = YES;
				INFOPLIST_KEY_UILaunchScreen_Generation = YES;
				INFOPLIST_KEY_UISupportedInterfaceOrientations_iPad = "UIInterfaceOrientationPortrait UIInterfaceOrientationPortraitUpsideDown UIInterfaceOrientationLandscapeLeft UIInterfaceOrientationLandscapeRight";
				INFOPLIST_KEY_UISupportedInterfaceOrientations_iPhone = "UIInterfaceOrientationPortrait UIInterfaceOrientationLandscapeLeft UIInterfaceOrientationLandscapeRight";
				IPHONEOS_DEPLOYMENT_TARGET = 14.0;
				LD_RUNPATH_SEARCH_PATHS = (
					"$(inherited)",
					"@executable_path/Frameworks",
				);
				MARKETING_VERSION = 1.0;
				PRODUCT_BUNDLE_IDENTIFIER = zacky.Learning;
				PRODUCT_NAME = "$(TARGET_NAME)";
				SWIFT_EMIT_LOC_STRINGS = YES;
				SWIFT_VERSION = 5.0;
				TARGETED_DEVICE_FAMILY = "1,2";
			};
			name = Debug;
		};
		BD0EF086270FB6A000555913 /* Release */ = {
			isa = XCBuildConfiguration;
			buildSettings = {
				ASSETCATALOG_COMPILER_APPICON_NAME = AppIcon;
				ASSETCATALOG_COMPILER_GLOBAL_ACCENT_COLOR_NAME = AccentColor;
				CODE_SIGN_STYLE = Automatic;
				CURRENT_PROJECT_VERSION = 1;
				DEVELOPMENT_ASSET_PATHS = "\"Learning/Preview Content\"";
				DEVELOPMENT_TEAM = 769JKZ574A;
				ENABLE_PREVIEWS = YES;
				GENERATE_INFOPLIST_FILE = YES;
				INFOPLIST_KEY_UIApplicationSceneManifest_Generation = YES;
				INFOPLIST_KEY_UIApplicationSupportsIndirectInputEvents = YES;
				INFOPLIST_KEY_UILaunchScreen_Generation = YES;
				INFOPLIST_KEY_UISupportedInterfaceOrientations_iPad = "UIInterfaceOrientationPortrait UIInterfaceOrientationPortraitUpsideDown UIInterfaceOrientationLandscapeLeft UIInterfaceOrientationLandscapeRight";
				INFOPLIST_KEY_UISupportedInterfaceOrientations_iPhone = "UIInterfaceOrientationPortrait UIInterfaceOrientationLandscapeLeft UIInterfaceOrientationLandscapeRight";
				IPHONEOS_DEPLOYMENT_TARGET = 14.0;
				LD_RUNPATH_SEARCH_PATHS = (
					"$(inherited)",
					"@executable_path/Frameworks",
				);
				MARKETING_VERSION = 1.0;
				PRODUCT_BUNDLE_IDENTIFIER = zacky.Learning;
				PRODUCT_NAME = "$(TARGET_NAME)";
				SWIFT_EMIT_LOC_STRINGS = YES;
				SWIFT_VERSION = 5.0;
				TARGETED_DEVICE_FAMILY = "1,2";
			};
			name = Release;
		};
/* End XCBuildConfiguration section */

/* Begin XCConfigurationList section */
		BD0EF071270FB69E00555913 /* Build configuration list for PBXProject "Learning" */ = {
			isa = XCConfigurationList;
			buildConfigurations = (
				BD0EF082270FB6A000555913 /* Debug */,
				BD0EF083270FB6A000555913 /* Release */,
			);
			defaultConfigurationIsVisible = 0;
			defaultConfigurationName = Release;
		};
		BD0EF084270FB6A000555913 /* Build configuration list for PBXNativeTarget "Learning" */ = {
			isa = XCConfigurationList;
			buildConfigurations = (
				BD0EF085270FB6A000555913 /* Debug */,
				BD0EF086270FB6A000555913 /* Release */,
			);
			defaultConfigurationIsVisible = 0;
			defaultConfigurationName = Release;
		};
/* End XCConfigurationList section */
	};
	rootObject = BD0EF06E270FB69E00555913 /* Project object */;
}
